
Microsoft Visual Studio Solution File, Format Version 12.00
# Visual Studio Version 16
VisualStudioVersion = 16.0.30523.141
MinimumVisualStudioVersion = 10.0.40219.1
Project("{FAE04EC0-301F-11D3-BF4B-00C04F79EFBC}") = "ModalDialog", "ModalDialog\ModalDialog.csproj", "{696A769F-F6D2-4C38-BB34-DD3B126E779A}"
EndProject
Global
	GlobalSection(SolutionConfigurationPlatforms) = preSolution
		Debug|Any CPU = Debug|Any CPU
		Release|Any CPU = Release|Any CPU
	EndGlobalSection
	GlobalSection(ProjectConfigurationPlatforms) = postSolution
		{696A769F-F6D2-4C38-BB34-DD3B126E779A}.Debug|Any CPU.ActiveCfg = Debug|Any CPU
		{696A769F-F6D2-4C38-BB34-DD3B126E779A}.Debug|Any CPU.Build.0 = Debug|Any CPU
		{696A769F-F6D2-4C38-BB34-DD3B126E779A}.Release|Any CPU.ActiveCfg = Release|Any CPU
		{696A769F-F6D2-4C38-BB34-DD3B126E779A}.Release|Any CPU.Build.0 = Release|Any CPU
	EndGlobalSection
	GlobalSection(SolutionProperties) = preSolution
		HideSolutionNode = FALSE
	EndGlobalSection
	GlobalSection(ExtensibilityGlobals) = postSolution
		SolutionGuid = {59793F78-07AD-4FB9-926A-52927DD9E1B1}
	EndGlobalSection
EndGlobal
